
Microsoft Visual Studio Solution File, Format Version 12.00
# Visual Studio Version 16
VisualStudioVersion = 16.0.30225.117
MinimumVisualStudioVersion = 10.0.40219.1
Project("{9A19103F-16F7-4668-BE54-9A1E7A4F7556}") = "MyNUnit", "MyNUnit\MyNUnit.csproj", "{C43BAFDC-C421-4721-A15C-648D22C2815D}"
EndProject
Project("{9A19103F-16F7-4668-BE54-9A1E7A4F7556}") = "MyNUnitTests", "MyNUnitTests\MyNUnitTests.csproj", "{8FE21DFB-2284-409D-83B2-15B500A2B3EF}"
EndProject
Project("{FAE04EC0-301F-11D3-BF4B-00C04F79EFBC}") = "TestProject", "TestProject\TestProject.csproj", "{CF29BF3A-FEAF-4EB0-BBB5-40D3833D663C}"
EndProject
Global
	GlobalSection(SolutionConfigurationPlatforms) = preSolution
		Debug|Any CPU = Debug|Any CPU
		Release|Any CPU = Release|Any CPU
	EndGlobalSection
	GlobalSection(ProjectConfigurationPlatforms) = postSolution
		{C43BAFDC-C421-4721-A15C-648D22C2815D}.Debug|Any CPU.ActiveCfg = Debug|Any CPU
		{C43BAFDC-C421-4721-A15C-648D22C2815D}.Debug|Any CPU.Build.0 = Debug|Any CPU
		{C43BAFDC-C421-4721-A15C-648D22C2815D}.Release|Any CPU.ActiveCfg = Release|Any CPU
		{C43BAFDC-C421-4721-A15C-648D22C2815D}.Release|Any CPU.Build.0 = Release|Any CPU
		{8FE21DFB-2284-409D-83B2-15B500A2B3EF}.Debug|Any CPU.ActiveCfg = Debug|Any CPU
		{8FE21DFB-2284-409D-83B2-15B500A2B3EF}.Debug|Any CPU.Build.0 = Debug|Any CPU
		{8FE21DFB-2284-409D-83B2-15B500A2B3EF}.Release|Any CPU.ActiveCfg = Release|Any CPU
		{8FE21DFB-2284-409D-83B2-15B500A2B3EF}.Release|Any CPU.Build.0 = Release|Any CPU
		{CF29BF3A-FEAF-4EB0-BBB5-40D3833D663C}.Debug|Any CPU.ActiveCfg = Debug|Any CPU
		{CF29BF3A-FEAF-4EB0-BBB5-40D3833D663C}.Debug|Any CPU.Build.0 = Debug|Any CPU
		{CF29BF3A-FEAF-4EB0-BBB5-40D3833D663C}.Release|Any CPU.ActiveCfg = Release|Any CPU
		{CF29BF3A-FEAF-4EB0-BBB5-40D3833D663C}.Release|Any CPU.Build.0 = Release|Any CPU
	EndGlobalSection
	GlobalSection(SolutionProperties) = preSolution
		HideSolutionNode = FALSE
	EndGlobalSection
	GlobalSection(ExtensibilityGlobals) = postSolution
		SolutionGuid = {4034CA8D-BE55-48A8-B02E-7F934F09E545}
	EndGlobalSection
EndGlobal
